
Microsoft Visual Studio Solution File, Format Version 12.00
# Visual Studio Version 17
VisualStudioVersion = 17.9.34622.214
MinimumVisualStudioVersion = 10.0.40219.1
Project("{FAE04EC0-301F-11D3-BF4B-00C04F79EFBC}") = "c_sharp_lab12", "c_sharp_lab12\c_sharp_lab12.csproj", "{3ECCBFE6-481B-451F-9769-61CA636A9CE5}"
EndProject
Global
	GlobalSection(SolutionConfigurationPlatforms) = preSolution
		Debug|Any CPU = Debug|Any CPU
		Release|Any CPU = Release|Any CPU
	EndGlobalSection
	GlobalSection(ProjectConfigurationPlatforms) = postSolution
		{3ECCBFE6-481B-451F-9769-61CA636A9CE5}.Debug|Any CPU.ActiveCfg = Debug|Any CPU
		{3ECCBFE6-481B-451F-9769-61CA636A9CE5}.Debug|Any CPU.Build.0 = Debug|Any CPU
		{3ECCBFE6-481B-451F-9769-61CA636A9CE5}.Release|Any CPU.ActiveCfg = Release|Any CPU
		{3ECCBFE6-481B-451F-9769-61CA636A9CE5}.Release|Any CPU.Build.0 = Release|Any CPU
	EndGlobalSection
	GlobalSection(SolutionProperties) = preSolution
		HideSolutionNode = FALSE
	EndGlobalSection
	GlobalSection(ExtensibilityGlobals) = postSolution
		SolutionGuid = {06408C93-0DBD-40CE-A520-14C85DC99272}
	EndGlobalSection
EndGlobal
